
Microsoft Visual Studio Solution File, Format Version 12.00
# Visual Studio 2013
VisualStudioVersion = 12.0.31101.0
MinimumVisualStudioVersion = 10.0.40219.1
Project("{FAE04EC0-301F-11D3-BF4B-00C04F79EFBC}") = "WindowsAuthentication", "WindowsAuthentication\WindowsAuthentication.csproj", "{C0559803-B531-4761-A784-DA1FAB7C9A75}"
EndProject
Project("{FAE04EC0-301F-11D3-BF4B-00C04F79EFBC}") = "SelfHost", "SelfHost\SelfHost.csproj", "{370FA6BB-14B1-4FE3-B9BF-7B58D9198A16}"
EndProject
Project("{2150E333-8FDC-42A3-9474-1A3956D46DE8}") = ".nuget", ".nuget", "{C0D06C93-E164-42CA-A546-F0E4BAABE3E8}"
	ProjectSection(SolutionItems) = preProject
		.nuget\packages.config = .nuget\packages.config
	EndProjectSection
EndProject
Project("{FAE04EC0-301F-11D3-BF4B-00C04F79EFBC}") = "WebHost", "WebHost\WebHost.csproj", "{91D307DC-CC37-4F7D-9014-CC02E197F267}"
EndProject
Global
	GlobalSection(SolutionConfigurationPlatforms) = preSolution
		Debug|Any CPU = Debug|Any CPU
		Release|Any CPU = Release|Any CPU
	EndGlobalSection
	GlobalSection(ProjectConfigurationPlatforms) = postSolution
		{C0559803-B531-4761-A784-DA1FAB7C9A75}.Debug|Any CPU.ActiveCfg = Debug|Any CPU
		{C0559803-B531-4761-A784-DA1FAB7C9A75}.Debug|Any CPU.Build.0 = Debug|Any CPU
		{C0559803-B531-4761-A784-DA1FAB7C9A75}.Release|Any CPU.ActiveCfg = Release|Any CPU
		{C0559803-B531-4761-A784-DA1FAB7C9A75}.Release|Any CPU.Build.0 = Release|Any CPU
		{370FA6BB-14B1-4FE3-B9BF-7B58D9198A16}.Debug|Any CPU.ActiveCfg = Debug|Any CPU
		{370FA6BB-14B1-4FE3-B9BF-7B58D9198A16}.Debug|Any CPU.Build.0 = Debug|Any CPU
		{370FA6BB-14B1-4FE3-B9BF-7B58D9198A16}.Release|Any CPU.ActiveCfg = Release|Any CPU
		{370FA6BB-14B1-4FE3-B9BF-7B58D9198A16}.Release|Any CPU.Build.0 = Release|Any CPU
		{91D307DC-CC37-4F7D-9014-CC02E197F267}.Debug|Any CPU.ActiveCfg = Debug|Any CPU
		{91D307DC-CC37-4F7D-9014-CC02E197F267}.Debug|Any CPU.Build.0 = Debug|Any CPU
		{91D307DC-CC37-4F7D-9014-CC02E197F267}.Release|Any CPU.ActiveCfg = Release|Any CPU
		{91D307DC-CC37-4F7D-9014-CC02E197F267}.Release|Any CPU.Build.0 = Release|Any CPU
	EndGlobalSection
	GlobalSection(SolutionProperties) = preSolution
		HideSolutionNode = FALSE
	EndGlobalSection
EndGlobal
